
Microsoft Visual Studio Solution File, Format Version 12.00
# Visual Studio 2013
VisualStudioVersion = 12.0.30501.0
MinimumVisualStudioVersion = 10.0.40219.1
Project("{8BC9CEB8-8B4A-11D0-8D11-00A0C91BC942}") = "delegate_performance_test", "delegate_performance_test.vcxproj", "{CD701DB4-3C7E-4A65-9E7C-DEE48D5FD75D}"
EndProject
Global
	GlobalSection(SolutionConfigurationPlatforms) = preSolution
		Debug|Win32 = Debug|Win32
		Debug|x64 = Debug|x64
		Release|Win32 = Release|Win32
		Release|x64 = Release|x64
	EndGlobalSection
	GlobalSection(ProjectConfigurationPlatforms) = postSolution
		{CD701DB4-3C7E-4A65-9E7C-DEE48D5FD75D}.Debug|Win32.ActiveCfg = Debug|Win32
		{CD701DB4-3C7E-4A65-9E7C-DEE48D5FD75D}.Debug|Win32.Build.0 = Debug|Win32
		{CD701DB4-3C7E-4A65-9E7C-DEE48D5FD75D}.Debug|x64.ActiveCfg = Debug|x64
		{CD701DB4-3C7E-4A65-9E7C-DEE48D5FD75D}.Debug|x64.Build.0 = Debug|x64
		{CD701DB4-3C7E-4A65-9E7C-DEE48D5FD75D}.Release|Win32.ActiveCfg = Release|Win32
		{CD701DB4-3C7E-4A65-9E7C-DEE48D5FD75D}.Release|Win32.Build.0 = Release|Win32
		{CD701DB4-3C7E-4A65-9E7C-DEE48D5FD75D}.Release|x64.ActiveCfg = Release|x64
		{CD701DB4-3C7E-4A65-9E7C-DEE48D5FD75D}.Release|x64.Build.0 = Release|x64
	EndGlobalSection
	GlobalSection(SolutionProperties) = preSolution
		HideSolutionNode = FALSE
	EndGlobalSection
EndGlobal
